
Microsoft Visual Studio Solution File, Format Version 12.00
# Visual Studio Version 17
VisualStudioVersion = 17.4.33213.308
MinimumVisualStudioVersion = 10.0.40219.1
Project("{9A19103F-16F7-4668-BE54-9A1E7A4F7556}") = "Data", "Data\Data.csproj", "{445F952B-68C4-4824-AA50-2832FDF466C6}"
EndProject
Project("{9A19103F-16F7-4668-BE54-9A1E7A4F7556}") = "Interface", "Interface\Interface.csproj", "{5F759209-4377-4479-AFC0-31D7366ED461}"
EndProject
Project("{9A19103F-16F7-4668-BE54-9A1E7A4F7556}") = "Business", "Business\Business.csproj", "{37A2181C-B6B4-412F-A98F-116FE375FBF8}"
EndProject
Project("{9A19103F-16F7-4668-BE54-9A1E7A4F7556}") = "WebApp", "WebApp\WebApp.csproj", "{9AF64595-099F-40C3-82F5-C26594EF45EB}"
EndProject
Global
	GlobalSection(SolutionConfigurationPlatforms) = preSolution
		Debug|Any CPU = Debug|Any CPU
		Release|Any CPU = Release|Any CPU
	EndGlobalSection
	GlobalSection(ProjectConfigurationPlatforms) = postSolution
		{445F952B-68C4-4824-AA50-2832FDF466C6}.Debug|Any CPU.ActiveCfg = Debug|Any CPU
		{445F952B-68C4-4824-AA50-2832FDF466C6}.Debug|Any CPU.Build.0 = Debug|Any CPU
		{445F952B-68C4-4824-AA50-2832FDF466C6}.Release|Any CPU.ActiveCfg = Release|Any CPU
		{445F952B-68C4-4824-AA50-2832FDF466C6}.Release|Any CPU.Build.0 = Release|Any CPU
		{5F759209-4377-4479-AFC0-31D7366ED461}.Debug|Any CPU.ActiveCfg = Debug|Any CPU
		{5F759209-4377-4479-AFC0-31D7366ED461}.Debug|Any CPU.Build.0 = Debug|Any CPU
		{5F759209-4377-4479-AFC0-31D7366ED461}.Release|Any CPU.ActiveCfg = Release|Any CPU
		{5F759209-4377-4479-AFC0-31D7366ED461}.Release|Any CPU.Build.0 = Release|Any CPU
		{37A2181C-B6B4-412F-A98F-116FE375FBF8}.Debug|Any CPU.ActiveCfg = Debug|Any CPU
		{37A2181C-B6B4-412F-A98F-116FE375FBF8}.Debug|Any CPU.Build.0 = Debug|Any CPU
		{37A2181C-B6B4-412F-A98F-116FE375FBF8}.Release|Any CPU.ActiveCfg = Release|Any CPU
		{37A2181C-B6B4-412F-A98F-116FE375FBF8}.Release|Any CPU.Build.0 = Release|Any CPU
		{9AF64595-099F-40C3-82F5-C26594EF45EB}.Debug|Any CPU.ActiveCfg = Debug|Any CPU
		{9AF64595-099F-40C3-82F5-C26594EF45EB}.Debug|Any CPU.Build.0 = Debug|Any CPU
		{9AF64595-099F-40C3-82F5-C26594EF45EB}.Release|Any CPU.ActiveCfg = Release|Any CPU
		{9AF64595-099F-40C3-82F5-C26594EF45EB}.Release|Any CPU.Build.0 = Release|Any CPU
	EndGlobalSection
	GlobalSection(SolutionProperties) = preSolution
		HideSolutionNode = FALSE
	EndGlobalSection
	GlobalSection(ExtensibilityGlobals) = postSolution
		SolutionGuid = {6EC3CB9F-296F-4BDB-993E-3315F3DB7CF9}
	EndGlobalSection
EndGlobal
